
Microsoft Visual Studio Solution File, Format Version 12.00
# Visual Studio Version 16
VisualStudioVersion = 16.0.30907.101
MinimumVisualStudioVersion = 10.0.40219.1
Project("{9A19103F-16F7-4668-BE54-9A1E7A4F7556}") = "ExcelentTaste", "ExcelentTaste\ExcelentTaste.csproj", "{05D7443F-5869-44FE-AD2F-383BA605869B}"
EndProject
Project("{9A19103F-16F7-4668-BE54-9A1E7A4F7556}") = "ExcelentTaste.Core", "ExcelentTaste.Core\ExcelentTaste.Core.csproj", "{4E04C5C1-FFEF-4CFB-AF96-2721B85AD731}"
EndProject
Project("{9A19103F-16F7-4668-BE54-9A1E7A4F7556}") = "ExcelentTaste.Data", "..\ExcelentTaste.Data\ExcelentTaste.Data.csproj", "{D426C441-69F7-4642-9A93-8671526B489E}"
EndProject
Global
	GlobalSection(SolutionConfigurationPlatforms) = preSolution
		Debug|Any CPU = Debug|Any CPU
		Release|Any CPU = Release|Any CPU
	EndGlobalSection
	GlobalSection(ProjectConfigurationPlatforms) = postSolution
		{05D7443F-5869-44FE-AD2F-383BA605869B}.Debug|Any CPU.ActiveCfg = Debug|Any CPU
		{05D7443F-5869-44FE-AD2F-383BA605869B}.Debug|Any CPU.Build.0 = Debug|Any CPU
		{05D7443F-5869-44FE-AD2F-383BA605869B}.Release|Any CPU.ActiveCfg = Release|Any CPU
		{05D7443F-5869-44FE-AD2F-383BA605869B}.Release|Any CPU.Build.0 = Release|Any CPU
		{4E04C5C1-FFEF-4CFB-AF96-2721B85AD731}.Debug|Any CPU.ActiveCfg = Debug|Any CPU
		{4E04C5C1-FFEF-4CFB-AF96-2721B85AD731}.Debug|Any CPU.Build.0 = Debug|Any CPU
		{4E04C5C1-FFEF-4CFB-AF96-2721B85AD731}.Release|Any CPU.ActiveCfg = Release|Any CPU
		{4E04C5C1-FFEF-4CFB-AF96-2721B85AD731}.Release|Any CPU.Build.0 = Release|Any CPU
		{D426C441-69F7-4642-9A93-8671526B489E}.Debug|Any CPU.ActiveCfg = Debug|Any CPU
		{D426C441-69F7-4642-9A93-8671526B489E}.Debug|Any CPU.Build.0 = Debug|Any CPU
		{D426C441-69F7-4642-9A93-8671526B489E}.Release|Any CPU.ActiveCfg = Release|Any CPU
		{D426C441-69F7-4642-9A93-8671526B489E}.Release|Any CPU.Build.0 = Release|Any CPU
	EndGlobalSection
	GlobalSection(SolutionProperties) = preSolution
		HideSolutionNode = FALSE
	EndGlobalSection
	GlobalSection(ExtensibilityGlobals) = postSolution
		SolutionGuid = {B1F01377-8FAC-4A3B-AF62-1E6C32AB5CF7}
	EndGlobalSection
EndGlobal
